// !$*UTF8*$!
{
	archiveVersion = 1;
	classes = {
	};
	objectVersion = 50;
	objects = {

/* Begin PBXBuildFile section */
		A428211A2719C86500613C05 /* Mach1AudioTimeline.cpp in Sources */ = {isa = PBXBuildFile; fileRef = A42821182719C86500613C05 /* Mach1AudioTimeline.cpp */; };
		A42E490623ECC2BF00216E7A /* libadm.a in Frameworks */ = {isa = PBXBuildFile; fileRef = A42E490523ECC2BF00216E7A /* libadm.a */; };
		A47BEA4E271A02D700235A96 /* Mach1AudioTimelineCAPI.cpp in Sources */ = {isa = PBXBuildFile; fileRef = A47BEA4A271A02D700235A96 /* Mach1AudioTimelineCAPI.cpp */; };
		A47BEA4F271A02D700235A96 /* Mach1AudioTimelineCore.cpp in Sources */ = {isa = PBXBuildFile; fileRef = A47BEA4B271A02D700235A96 /* Mach1AudioTimelineCore.cpp */; };
		A48131882435463400A0DE6B /* ADMParse.cpp in Sources */ = {isa = PBXBuildFile; fileRef = A48131872435463400A0DE6B /* ADMParse.cpp */; };
		A49E6C7521CD54E400804B33 /* m1-transcode in CopyFiles */ = {isa = PBXBuildFile; fileRef = A41FB94321CAB28400F2CBD4 /* m1-transcode */; settings = {ATTRIBUTES = (CodeSignOnCopy, ); }; };
		A4ADF32A2252BFFC008DBE87 /* main.cpp in Sources */ = {isa = PBXBuildFile; fileRef = A4ADF3272252BFFC008DBE87 /* main.cpp */; };
		A4ADF3332252C143008DBE87 /* libsndfile.a in Frameworks */ = {isa = PBXBuildFile; fileRef = A4ADF3322252C143008DBE87 /* libsndfile.a */; };
		A4C6F81B271DFA2000053EA0 /* pugixml.cpp in Sources */ = {isa = PBXBuildFile; fileRef = A4C6F814271DFA2000053EA0 /* pugixml.cpp */; };
		A4C6F81C271DFA2000053EA0 /* Yaml.cpp in Sources */ = {isa = PBXBuildFile; fileRef = A4C6F816271DFA2000053EA0 /* Yaml.cpp */; };
		A4D4D0D0246DA9E000562DA5 /* Mach1Point3DCore.cpp in Sources */ = {isa = PBXBuildFile; fileRef = A4D4D0CF246DA9E000562DA5 /* Mach1Point3DCore.cpp */; };
		A4FAF15D246C75F4008F199F /* Mach1TranscodeCAPI.cpp in Sources */ = {isa = PBXBuildFile; fileRef = A4FAF158246C75F3008F199F /* Mach1TranscodeCAPI.cpp */; };
		A4FAF15E246C75F4008F199F /* Mach1TranscodeCore.cpp in Sources */ = {isa = PBXBuildFile; fileRef = A4FAF15C246C75F4008F199F /* Mach1TranscodeCore.cpp */; };
		A4FAF16B246C7D63008F199F /* Mach1GenerateCoeffs.cpp in Sources */ = {isa = PBXBuildFile; fileRef = A4FAF169246C7D5E008F199F /* Mach1GenerateCoeffs.cpp */; };
		A4FAF16E246C7E23008F199F /* Mach1Transcode.cpp in Sources */ = {isa = PBXBuildFile; fileRef = A4FAF16C246C7E23008F199F /* Mach1Transcode.cpp */; };
		A4FAF185246D20F7008F199F /* M1DSPDynamics.cpp in Sources */ = {isa = PBXBuildFile; fileRef = A4FAF17F246D20F7008F199F /* M1DSPDynamics.cpp */; };
		A4FAF186246D20F7008F199F /* M1DSPFilters.cpp in Sources */ = {isa = PBXBuildFile; fileRef = A4FAF181246D20F7008F199F /* M1DSPFilters.cpp */; };
		A4FAF187246D20F7008F199F /* M1DSPUtilities.cpp in Sources */ = {isa = PBXBuildFile; fileRef = A4FAF183246D20F7008F199F /* M1DSPUtilities.cpp */; };
/* End PBXBuildFile section */

/* Begin PBXCopyFilesBuildPhase section */
		A49E6C6C21CD541A00804B33 /* CopyFiles */ = {
			isa = PBXCopyFilesBuildPhase;
			buildActionMask = 12;
			dstPath = /usr/local/bin;
			dstSubfolderSpec = 0;
			files = (
				A49E6C7521CD54E400804B33 /* m1-transcode in CopyFiles */,
			);
			runOnlyForDeploymentPostprocessing = 0;
		};
/* End PBXCopyFilesBuildPhase section */

/* Begin PBXFileReference section */
		A40E650C279F8BF600AC8500 /* Mach1TranscodeConstants.h */ = {isa = PBXFileReference; fileEncoding = 4; lastKnownFileType = sourcecode.c.h; path = Mach1TranscodeConstants.h; sourceTree = "<group>"; };
		A40E650D279F8BF600AC8500 /* Mach1TranscodeVectorFormats.h */ = {isa = PBXFileReference; fileEncoding = 4; lastKnownFileType = sourcecode.c.h; path = Mach1TranscodeVectorFormats.h; sourceTree = "<group>"; };
		A40E650E279F8BF600AC8500 /* Mach1TranscodeAmbisonicFormats.h */ = {isa = PBXFileReference; fileEncoding = 4; lastKnownFileType = sourcecode.c.h; path = Mach1TranscodeAmbisonicFormats.h; sourceTree = "<group>"; };
		A40E650F279F8BF600AC8500 /* Mach1TranscodeSurroundFormats.h */ = {isa = PBXFileReference; fileEncoding = 4; lastKnownFileType = sourcecode.c.h; path = Mach1TranscodeSurroundFormats.h; sourceTree = "<group>"; };
		A41FB94321CAB28400F2CBD4 /* m1-transcode */ = {isa = PBXFileReference; explicitFileType = "compiled.mach-o.executable"; includeInIndex = 0; path = "m1-transcode"; sourceTree = BUILT_PRODUCTS_DIR; };
		A42821182719C86500613C05 /* Mach1AudioTimeline.cpp */ = {isa = PBXFileReference; fileEncoding = 4; lastKnownFileType = sourcecode.cpp.cpp; name = Mach1AudioTimeline.cpp; path = "../../../m1-sdk/mach1spatial-libs/xcode/include/Mach1AudioTimeline.cpp"; sourceTree = "<group>"; };
		A42821192719C86500613C05 /* Mach1AudioTimeline.h */ = {isa = PBXFileReference; fileEncoding = 4; lastKnownFileType = sourcecode.c.h; name = Mach1AudioTimeline.h; path = "../../../m1-sdk/mach1spatial-libs/xcode/include/Mach1AudioTimeline.h"; sourceTree = "<group>"; };
		A42E490523ECC2BF00216E7A /* libadm.a */ = {isa = PBXFileReference; lastKnownFileType = archive.ar; name = libadm.a; path = ../libs/libadm/lib/libadm.a; sourceTree = "<group>"; };
		A42E495423ECC2E400216E7A /* adm.hpp */ = {isa = PBXFileReference; fileEncoding = 4; lastKnownFileType = sourcecode.cpp.h; path = adm.hpp; sourceTree = "<group>"; };
		A42E495523ECC2E400216E7A /* common_definitions.hpp */ = {isa = PBXFileReference; fileEncoding = 4; lastKnownFileType = sourcecode.cpp.h; path = common_definitions.hpp; sourceTree = "<group>"; };
		A42E495723ECC2E400216E7A /* enum_bitmask.hpp */ = {isa = PBXFileReference; fileEncoding = 4; lastKnownFileType = sourcecode.cpp.h; path = enum_bitmask.hpp; sourceTree = "<group>"; };
		A42E495823ECC2E400216E7A /* hex_values.hpp */ = {isa = PBXFileReference; fileEncoding = 4; lastKnownFileType = sourcecode.cpp.h; path = hex_values.hpp; sourceTree = "<group>"; };
		A42E495923ECC2E400216E7A /* id_assigner.hpp */ = {isa = PBXFileReference; fileEncoding = 4; lastKnownFileType = sourcecode.cpp.h; path = id_assigner.hpp; sourceTree = "<group>"; };
		A42E495A23ECC2E400216E7A /* named_option_helper.hpp */ = {isa = PBXFileReference; fileEncoding = 4; lastKnownFileType = sourcecode.cpp.h; path = named_option_helper.hpp; sourceTree = "<group>"; };
		A42E495B23ECC2E400216E7A /* named_type.hpp */ = {isa = PBXFileReference; fileEncoding = 4; lastKnownFileType = sourcecode.cpp.h; path = named_type.hpp; sourceTree = "<group>"; };
		A42E495C23ECC2E400216E7A /* named_type_validators.hpp */ = {isa = PBXFileReference; fileEncoding = 4; lastKnownFileType = sourcecode.cpp.h; path = named_type_validators.hpp; sourceTree = "<group>"; };
		A42E495D23ECC2E400216E7A /* type_traits.hpp */ = {isa = PBXFileReference; fileEncoding = 4; lastKnownFileType = sourcecode.cpp.h; path = type_traits.hpp; sourceTree = "<group>"; };
		A42E495E23ECC2E400216E7A /* document.hpp */ = {isa = PBXFileReference; fileEncoding = 4; lastKnownFileType = sourcecode.cpp.h; path = document.hpp; sourceTree = "<group>"; };
		A42E495F23ECC2E400216E7A /* element_variant.hpp */ = {isa = PBXFileReference; fileEncoding = 4; lastKnownFileType = sourcecode.cpp.h; path = element_variant.hpp; sourceTree = "<group>"; };
		A42E496123ECC2E400216E7A /* audio_block_format_binaural.hpp */ = {isa = PBXFileReference; fileEncoding = 4; lastKnownFileType = sourcecode.cpp.h; path = audio_block_format_binaural.hpp; sourceTree = "<group>"; };
		A42E496223ECC2E400216E7A /* audio_block_format_direct_speakers.hpp */ = {isa = PBXFileReference; fileEncoding = 4; lastKnownFileType = sourcecode.cpp.h; path = audio_block_format_direct_speakers.hpp; sourceTree = "<group>"; };
		A42E496323ECC2E400216E7A /* audio_block_format_hoa.hpp */ = {isa = PBXFileReference; fileEncoding = 4; lastKnownFileType = sourcecode.cpp.h; path = audio_block_format_hoa.hpp; sourceTree = "<group>"; };
		A42E496423ECC2E400216E7A /* audio_block_format_id.hpp */ = {isa = PBXFileReference; fileEncoding = 4; lastKnownFileType = sourcecode.cpp.h; path = audio_block_format_id.hpp; sourceTree = "<group>"; };
		A42E496523ECC2E400216E7A /* audio_block_format_matrix.hpp */ = {isa = PBXFileReference; fileEncoding = 4; lastKnownFileType = sourcecode.cpp.h; path = audio_block_format_matrix.hpp; sourceTree = "<group>"; };
		A42E496623ECC2E400216E7A /* audio_block_format_objects.hpp */ = {isa = PBXFileReference; fileEncoding = 4; lastKnownFileType = sourcecode.cpp.h; path = audio_block_format_objects.hpp; sourceTree = "<group>"; };
		A42E496723ECC2E400216E7A /* audio_channel_format.hpp */ = {isa = PBXFileReference; fileEncoding = 4; lastKnownFileType = sourcecode.cpp.h; path = audio_channel_format.hpp; sourceTree = "<group>"; };
		A42E496823ECC2E400216E7A /* audio_channel_format_id.hpp */ = {isa = PBXFileReference; fileEncoding = 4; lastKnownFileType = sourcecode.cpp.h; path = audio_channel_format_id.hpp; sourceTree = "<group>"; };
		A42E496923ECC2E400216E7A /* audio_content.hpp */ = {isa = PBXFileReference; fileEncoding = 4; lastKnownFileType = sourcecode.cpp.h; path = audio_content.hpp; sourceTree = "<group>"; };
		A42E496A23ECC2E400216E7A /* audio_content_id.hpp */ = {isa = PBXFileReference; fileEncoding = 4; lastKnownFileType = sourcecode.cpp.h; path = audio_content_id.hpp; sourceTree = "<group>"; };
		A42E496B23ECC2E400216E7A /* audio_object.hpp */ = {isa = PBXFileReference; fileEncoding = 4; lastKnownFileType = sourcecode.cpp.h; path = audio_object.hpp; sourceTree = "<group>"; };
		A42E496C23ECC2E400216E7A /* audio_object_id.hpp */ = {isa = PBXFileReference; fileEncoding = 4; lastKnownFileType = sourcecode.cpp.h; path = audio_object_id.hpp; sourceTree = "<group>"; };
		A42E496D23ECC2E400216E7A /* audio_object_interaction.hpp */ = {isa = PBXFileReference; fileEncoding = 4; lastKnownFileType = sourcecode.cpp.h; path = audio_object_interaction.hpp; sourceTree = "<group>"; };
		A42E496E23ECC2E400216E7A /* audio_pack_format.hpp */ = {isa = PBXFileReference; fileEncoding = 4; lastKnownFileType = sourcecode.cpp.h; path = audio_pack_format.hpp; sourceTree = "<group>"; };
		A42E496F23ECC2E400216E7A /* audio_pack_format_id.hpp */ = {isa = PBXFileReference; fileEncoding = 4; lastKnownFileType = sourcecode.cpp.h; path = audio_pack_format_id.hpp; sourceTree = "<group>"; };
		A42E497023ECC2E400216E7A /* audio_programme.hpp */ = {isa = PBXFileReference; fileEncoding = 4; lastKnownFileType = sourcecode.cpp.h; path = audio_programme.hpp; sourceTree = "<group>"; };
		A42E497123ECC2E400216E7A /* audio_programme_id.hpp */ = {isa = PBXFileReference; fileEncoding = 4; lastKnownFileType = sourcecode.cpp.h; path = audio_programme_id.hpp; sourceTree = "<group>"; };
		A42E497223ECC2E400216E7A /* audio_programme_ref_screen.hpp */ = {isa = PBXFileReference; fileEncoding = 4; lastKnownFileType = sourcecode.cpp.h; path = audio_programme_ref_screen.hpp; sourceTree = "<group>"; };
		A42E497323ECC2E400216E7A /* audio_stream_format.hpp */ = {isa = PBXFileReference; fileEncoding = 4; lastKnownFileType = sourcecode.cpp.h; path = audio_stream_format.hpp; sourceTree = "<group>"; };
		A42E497423ECC2E400216E7A /* audio_stream_format_id.hpp */ = {isa = PBXFileReference; fileEncoding = 4; lastKnownFileType = sourcecode.cpp.h; path = audio_stream_format_id.hpp; sourceTree = "<group>"; };
		A42E497523ECC2E400216E7A /* audio_track_format.hpp */ = {isa = PBXFileReference; fileEncoding = 4; lastKnownFileType = sourcecode.cpp.h; path = audio_track_format.hpp; sourceTree = "<group>"; };
		A42E497623ECC2E400216E7A /* audio_track_format_id.hpp */ = {isa = PBXFileReference; fileEncoding = 4; lastKnownFileType = sourcecode.cpp.h; path = audio_track_format_id.hpp; sourceTree = "<group>"; };
		A42E497723ECC2E400216E7A /* audio_track_uid.hpp */ = {isa = PBXFileReference; fileEncoding = 4; lastKnownFileType = sourcecode.cpp.h; path = audio_track_uid.hpp; sourceTree = "<group>"; };
		A42E497823ECC2E400216E7A /* audio_track_uid_id.hpp */ = {isa = PBXFileReference; fileEncoding = 4; lastKnownFileType = sourcecode.cpp.h; path = audio_track_uid_id.hpp; sourceTree = "<group>"; };
		A42E497923ECC2E400216E7A /* channel_lock.hpp */ = {isa = PBXFileReference; fileEncoding = 4; lastKnownFileType = sourcecode.cpp.h; path = channel_lock.hpp; sourceTree = "<group>"; };
		A42E497A23ECC2E400216E7A /* dialogue.hpp */ = {isa = PBXFileReference; fileEncoding = 4; lastKnownFileType = sourcecode.cpp.h; path = dialogue.hpp; sourceTree = "<group>"; };
		A42E497B23ECC2E400216E7A /* format_descriptor.hpp */ = {isa = PBXFileReference; fileEncoding = 4; lastKnownFileType = sourcecode.cpp.h; path = format_descriptor.hpp; sourceTree = "<group>"; };
		A42E497C23ECC2E400216E7A /* frequency.hpp */ = {isa = PBXFileReference; fileEncoding = 4; lastKnownFileType = sourcecode.cpp.h; path = frequency.hpp; sourceTree = "<group>"; };
		A42E497D23ECC2E400216E7A /* gain_interaction_range.hpp */ = {isa = PBXFileReference; fileEncoding = 4; lastKnownFileType = sourcecode.cpp.h; path = gain_interaction_range.hpp; sourceTree = "<group>"; };
		A42E497E23ECC2E400216E7A /* importance.hpp */ = {isa = PBXFileReference; fileEncoding = 4; lastKnownFileType = sourcecode.cpp.h; path = importance.hpp; sourceTree = "<group>"; };
		A42E497F23ECC2E400216E7A /* jump_position.hpp */ = {isa = PBXFileReference; fileEncoding = 4; lastKnownFileType = sourcecode.cpp.h; path = jump_position.hpp; sourceTree = "<group>"; };
		A42E498023ECC2E400216E7A /* loudness_metadata.hpp */ = {isa = PBXFileReference; fileEncoding = 4; lastKnownFileType = sourcecode.cpp.h; path = loudness_metadata.hpp; sourceTree = "<group>"; };
		A42E498123ECC2E400216E7A /* object_divergence.hpp */ = {isa = PBXFileReference; fileEncoding = 4; lastKnownFileType = sourcecode.cpp.h; path = object_divergence.hpp; sourceTree = "<group>"; };
		A42E498223ECC2E400216E7A /* position.hpp */ = {isa = PBXFileReference; fileEncoding = 4; lastKnownFileType = sourcecode.cpp.h; path = position.hpp; sourceTree = "<group>"; };
		A42E498323ECC2E400216E7A /* position_interaction_range.hpp */ = {isa = PBXFileReference; fileEncoding = 4; lastKnownFileType = sourcecode.cpp.h; path = position_interaction_range.hpp; sourceTree = "<group>"; };
		A42E498423ECC2E400216E7A /* position_types.hpp */ = {isa = PBXFileReference; fileEncoding = 4; lastKnownFileType = sourcecode.cpp.h; path = position_types.hpp; sourceTree = "<group>"; };
		A42E498523ECC2E400216E7A /* screen_edge_lock.hpp */ = {isa = PBXFileReference; fileEncoding = 4; lastKnownFileType = sourcecode.cpp.h; path = screen_edge_lock.hpp; sourceTree = "<group>"; };
		A42E498623ECC2E400216E7A /* speaker_position.hpp */ = {isa = PBXFileReference; fileEncoding = 4; lastKnownFileType = sourcecode.cpp.h; path = speaker_position.hpp; sourceTree = "<group>"; };
		A42E498723ECC2E400216E7A /* time.hpp */ = {isa = PBXFileReference; fileEncoding = 4; lastKnownFileType = sourcecode.cpp.h; path = time.hpp; sourceTree = "<group>"; };
		A42E498823ECC2E400216E7A /* type_descriptor.hpp */ = {isa = PBXFileReference; fileEncoding = 4; lastKnownFileType = sourcecode.cpp.h; path = type_descriptor.hpp; sourceTree = "<group>"; };
		A42E498923ECC2E400216E7A /* elements.hpp */ = {isa = PBXFileReference; fileEncoding = 4; lastKnownFileType = sourcecode.cpp.h; path = elements.hpp; sourceTree = "<group>"; };
		A42E498A23ECC2E400216E7A /* elements_fwd.hpp */ = {isa = PBXFileReference; fileEncoding = 4; lastKnownFileType = sourcecode.cpp.h; path = elements_fwd.hpp; sourceTree = "<group>"; };
		A42E498B23ECC2E400216E7A /* errors.hpp */ = {isa = PBXFileReference; fileEncoding = 4; lastKnownFileType = sourcecode.cpp.h; path = errors.hpp; sourceTree = "<group>"; };
		A42E498C23ECC2E400216E7A /* export.h */ = {isa = PBXFileReference; fileEncoding = 4; lastKnownFileType = sourcecode.c.h; path = export.h; sourceTree = "<group>"; };
		A42E498E23ECC2E400216E7A /* element_range.hpp */ = {isa = PBXFileReference; fileEncoding = 4; lastKnownFileType = sourcecode.cpp.h; path = element_range.hpp; sourceTree = "<group>"; };
		A42E498F23ECC2E400216E7A /* get_optional_property.hpp */ = {isa = PBXFileReference; fileEncoding = 4; lastKnownFileType = sourcecode.cpp.h; path = get_optional_property.hpp; sourceTree = "<group>"; };
		A42E499023ECC2E400216E7A /* parse.hpp */ = {isa = PBXFileReference; fileEncoding = 4; lastKnownFileType = sourcecode.cpp.h; path = parse.hpp; sourceTree = "<group>"; };
		A42E499123ECC2E400216E7A /* path.hpp */ = {isa = PBXFileReference; fileEncoding = 4; lastKnownFileType = sourcecode.cpp.h; path = path.hpp; sourceTree = "<group>"; };
		A42E499223ECC2E400216E7A /* route.hpp */ = {isa = PBXFileReference; fileEncoding = 4; lastKnownFileType = sourcecode.cpp.h; path = route.hpp; sourceTree = "<group>"; };
		A42E499323ECC2E400216E7A /* route_tracer.hpp */ = {isa = PBXFileReference; fileEncoding = 4; lastKnownFileType = sourcecode.cpp.h; path = route_tracer.hpp; sourceTree = "<group>"; };
		A42E499523ECC2E400216E7A /* block_duration_assignment.hpp */ = {isa = PBXFileReference; fileEncoding = 4; lastKnownFileType = sourcecode.cpp.h; path = block_duration_assignment.hpp; sourceTree = "<group>"; };
		A42E499623ECC2E400216E7A /* comparator.hpp */ = {isa = PBXFileReference; fileEncoding = 4; lastKnownFileType = sourcecode.cpp.h; path = comparator.hpp; sourceTree = "<group>"; };
		A42E499723ECC2E400216E7A /* copy.hpp */ = {isa = PBXFileReference; fileEncoding = 4; lastKnownFileType = sourcecode.cpp.h; path = copy.hpp; sourceTree = "<group>"; };
		A42E499823ECC2E400216E7A /* element_io.hpp */ = {isa = PBXFileReference; fileEncoding = 4; lastKnownFileType = sourcecode.cpp.h; path = element_io.hpp; sourceTree = "<group>"; };
		A42E499923ECC2E400216E7A /* id_assignment.hpp */ = {isa = PBXFileReference; fileEncoding = 4; lastKnownFileType = sourcecode.cpp.h; path = id_assignment.hpp; sourceTree = "<group>"; };
		A42E499A23ECC2E400216E7A /* lookup.hpp */ = {isa = PBXFileReference; fileEncoding = 4; lastKnownFileType = sourcecode.cpp.h; path = lookup.hpp; sourceTree = "<group>"; };
		A42E499B23ECC2E400216E7A /* object_creation.hpp */ = {isa = PBXFileReference; fileEncoding = 4; lastKnownFileType = sourcecode.cpp.h; path = object_creation.hpp; sourceTree = "<group>"; };
		A42E499C23ECC2E400216E7A /* version.hpp */ = {isa = PBXFileReference; fileEncoding = 4; lastKnownFileType = sourcecode.cpp.h; path = version.hpp; sourceTree = "<group>"; };
		A42E499D23ECC2E400216E7A /* write.hpp */ = {isa = PBXFileReference; fileEncoding = 4; lastKnownFileType = sourcecode.cpp.h; path = write.hpp; sourceTree = "<group>"; };
		A42E49F823F363EB00216E7A /* ADMParse.h */ = {isa = PBXFileReference; lastKnownFileType = sourcecode.c.h; path = ADMParse.h; sourceTree = "<group>"; };
		A47BEA4A271A02D700235A96 /* Mach1AudioTimelineCAPI.cpp */ = {isa = PBXFileReference; fileEncoding = 4; lastKnownFileType = sourcecode.cpp.cpp; name = Mach1AudioTimelineCAPI.cpp; path = "../../../m1-sdk/source/Mach1AudioTimelineCAPI.cpp"; sourceTree = "<group>"; };
		A47BEA4B271A02D700235A96 /* Mach1AudioTimelineCore.cpp */ = {isa = PBXFileReference; fileEncoding = 4; lastKnownFileType = sourcecode.cpp.cpp; name = Mach1AudioTimelineCore.cpp; path = "../../../m1-sdk/source/Mach1AudioTimelineCore.cpp"; sourceTree = "<group>"; };
		A47BEA4C271A02D700235A96 /* Mach1AudioTimelineCAPI.h */ = {isa = PBXFileReference; fileEncoding = 4; lastKnownFileType = sourcecode.c.h; name = Mach1AudioTimelineCAPI.h; path = "../../../m1-sdk/source/Mach1AudioTimelineCAPI.h"; sourceTree = "<group>"; };
		A47BEA4D271A02D700235A96 /* Mach1AudioTimelineCore.h */ = {isa = PBXFileReference; fileEncoding = 4; lastKnownFileType = sourcecode.c.h; name = Mach1AudioTimelineCore.h; path = "../../../m1-sdk/source/Mach1AudioTimelineCore.h"; sourceTree = "<group>"; };
		A47BEA50271A092600235A96 /* chunks.h */ = {isa = PBXFileReference; fileEncoding = 4; lastKnownFileType = sourcecode.c.h; path = chunks.h; sourceTree = "<group>"; };
		A48131872435463400A0DE6B /* ADMParse.cpp */ = {isa = PBXFileReference; fileEncoding = 4; lastKnownFileType = sourcecode.cpp.cpp; path = ADMParse.cpp; sourceTree = "<group>"; };
		A4ADF3242252BFFC008DBE87 /* CmdOption.h */ = {isa = PBXFileReference; fileEncoding = 4; lastKnownFileType = sourcecode.c.h; path = CmdOption.h; sourceTree = "<group>"; };
		A4ADF3272252BFFC008DBE87 /* main.cpp */ = {isa = PBXFileReference; fileEncoding = 4; lastKnownFileType = sourcecode.cpp.cpp; path = main.cpp; sourceTree = "<group>"; };
		A4ADF3282252BFFC008DBE87 /* test_MatrixConvert.cpp */ = {isa = PBXFileReference; fileEncoding = 4; lastKnownFileType = sourcecode.cpp.cpp; path = test_MatrixConvert.cpp; sourceTree = "<group>"; };
		A4ADF32D2252C020008DBE87 /* sndfile.h */ = {isa = PBXFileReference; fileEncoding = 4; lastKnownFileType = sourcecode.c.h; path = sndfile.h; sourceTree = "<group>"; };
		A4ADF32E2252C020008DBE87 /* sndfile.hh */ = {isa = PBXFileReference; fileEncoding = 4; lastKnownFileType = sourcecode.cpp.h; path = sndfile.hh; sourceTree = "<group>"; };
		A4ADF3312252C110008DBE87 /* Info.plist */ = {isa = PBXFileReference; fileEncoding = 4; lastKnownFileType = text.plist.xml; path = Info.plist; sourceTree = "<group>"; };
		A4ADF3322252C143008DBE87 /* libsndfile.a */ = {isa = PBXFileReference; lastKnownFileType = archive.ar; name = libsndfile.a; path = ../libs/libsndfile/lib/osx/libsndfile.a; sourceTree = "<group>"; };
		A4C6F812271DFA2000053EA0 /* pugiconfig.hpp */ = {isa = PBXFileReference; fileEncoding = 4; lastKnownFileType = sourcecode.cpp.h; path = pugiconfig.hpp; sourceTree = "<group>"; };
		A4C6F813271DFA2000053EA0 /* pugixml.hpp */ = {isa = PBXFileReference; fileEncoding = 4; lastKnownFileType = sourcecode.cpp.h; path = pugixml.hpp; sourceTree = "<group>"; };
		A4C6F814271DFA2000053EA0 /* pugixml.cpp */ = {isa = PBXFileReference; fileEncoding = 4; lastKnownFileType = sourcecode.cpp.cpp; path = pugixml.cpp; sourceTree = "<group>"; };
		A4C6F816271DFA2000053EA0 /* Yaml.cpp */ = {isa = PBXFileReference; fileEncoding = 4; lastKnownFileType = sourcecode.cpp.cpp; path = Yaml.cpp; sourceTree = "<group>"; };
		A4C6F817271DFA2000053EA0 /* Yaml.hpp */ = {isa = PBXFileReference; fileEncoding = 4; lastKnownFileType = sourcecode.cpp.h; path = Yaml.hpp; sourceTree = "<group>"; };
		A4D4D0CE246DA9E000562DA5 /* Mach1Point3DCore.h */ = {isa = PBXFileReference; fileEncoding = 4; lastKnownFileType = sourcecode.c.h; name = Mach1Point3DCore.h; path = "../../../m1-sdk/source/Mach1Point3DCore.h"; sourceTree = "<group>"; };
		A4D4D0CF246DA9E000562DA5 /* Mach1Point3DCore.cpp */ = {isa = PBXFileReference; fileEncoding = 4; lastKnownFileType = sourcecode.cpp.cpp; name = Mach1Point3DCore.cpp; path = "../../../m1-sdk/source/Mach1Point3DCore.cpp"; sourceTree = "<group>"; };
		A4FAF158246C75F3008F199F /* Mach1TranscodeCAPI.cpp */ = {isa = PBXFileReference; fileEncoding = 4; lastKnownFileType = sourcecode.cpp.cpp; name = Mach1TranscodeCAPI.cpp; path = "../../../m1-sdk/source/Mach1TranscodeCAPI.cpp"; sourceTree = "<group>"; };
		A4FAF159246C75F4008F199F /* Mach1TranscodeCore.h */ = {isa = PBXFileReference; fileEncoding = 4; lastKnownFileType = sourcecode.c.h; name = Mach1TranscodeCore.h; path = "../../../m1-sdk/source/Mach1TranscodeCore.h"; sourceTree = "<group>"; };
		A4FAF15A246C75F4008F199F /* Mach1Point3D.h */ = {isa = PBXFileReference; fileEncoding = 4; lastKnownFileType = sourcecode.c.h; name = Mach1Point3D.h; path = "../../../m1-sdk/source/Mach1Point3D.h"; sourceTree = "<group>"; };
		A4FAF15B246C75F4008F199F /* Mach1TranscodeCAPI.h */ = {isa = PBXFileReference; fileEncoding = 4; lastKnownFileType = sourcecode.c.h; name = Mach1TranscodeCAPI.h; path = "../../../m1-sdk/source/Mach1TranscodeCAPI.h"; sourceTree = "<group>"; };
		A4FAF15C246C75F4008F199F /* Mach1TranscodeCore.cpp */ = {isa = PBXFileReference; fileEncoding = 4; lastKnownFileType = sourcecode.cpp.cpp; name = Mach1TranscodeCore.cpp; path = "../../../m1-sdk/source/Mach1TranscodeCore.cpp"; sourceTree = "<group>"; };
		A4FAF169246C7D5E008F199F /* Mach1GenerateCoeffs.cpp */ = {isa = PBXFileReference; fileEncoding = 4; lastKnownFileType = sourcecode.cpp.cpp; name = Mach1GenerateCoeffs.cpp; path = "../../../m1-sdk/source/Mach1GenerateCoeffs.cpp"; sourceTree = "<group>"; };
		A4FAF16A246C7D62008F199F /* Mach1GenerateCoeffs.h */ = {isa = PBXFileReference; fileEncoding = 4; lastKnownFileType = sourcecode.c.h; name = Mach1GenerateCoeffs.h; path = "../../../m1-sdk/source/Mach1GenerateCoeffs.h"; sourceTree = "<group>"; };
		A4FAF16C246C7E23008F199F /* Mach1Transcode.cpp */ = {isa = PBXFileReference; fileEncoding = 4; lastKnownFileType = sourcecode.cpp.cpp; name = Mach1Transcode.cpp; path = "../../../m1-sdk/source/external/cpp/Mach1Transcode.cpp"; sourceTree = "<group>"; };
		A4FAF16D246C7E23008F199F /* Mach1Transcode.h */ = {isa = PBXFileReference; fileEncoding = 4; lastKnownFileType = sourcecode.c.h; name = Mach1Transcode.h; path = "../../../m1-sdk/source/external/cpp/Mach1Transcode.h"; sourceTree = "<group>"; };
		A4FAF17F246D20F7008F199F /* M1DSPDynamics.cpp */ = {isa = PBXFileReference; fileEncoding = 4; lastKnownFileType = sourcecode.cpp.cpp; path = M1DSPDynamics.cpp; sourceTree = "<group>"; };
		A4FAF180246D20F7008F199F /* M1DSPDynamics.h */ = {isa = PBXFileReference; fileEncoding = 4; lastKnownFileType = sourcecode.c.h; path = M1DSPDynamics.h; sourceTree = "<group>"; };
		A4FAF181246D20F7008F199F /* M1DSPFilters.cpp */ = {isa = PBXFileReference; fileEncoding = 4; lastKnownFileType = sourcecode.cpp.cpp; path = M1DSPFilters.cpp; sourceTree = "<group>"; };
		A4FAF182246D20F7008F199F /* M1DSPFilters.h */ = {isa = PBXFileReference; fileEncoding = 4; lastKnownFileType = sourcecode.c.h; path = M1DSPFilters.h; sourceTree = "<group>"; };
		A4FAF183246D20F7008F199F /* M1DSPUtilities.cpp */ = {isa = PBXFileReference; fileEncoding = 4; lastKnownFileType = sourcecode.cpp.cpp; path = M1DSPUtilities.cpp; sourceTree = "<group>"; };
		A4FAF184246D20F7008F199F /* M1DSPUtilities.h */ = {isa = PBXFileReference; fileEncoding = 4; lastKnownFileType = sourcecode.c.h; path = M1DSPUtilities.h; sourceTree = "<group>"; };
/* End PBXFileReference section */

/* Begin PBXFrameworksBuildPhase section */
		A41FB94021CAB28400F2CBD4 /* Frameworks */ = {
			isa = PBXFrameworksBuildPhase;
			buildActionMask = 2147483647;
			files = (
				A4ADF3332252C143008DBE87 /* libsndfile.a in Frameworks */,
				A42E490623ECC2BF00216E7A /* libadm.a in Frameworks */,
			);
			runOnlyForDeploymentPostprocessing = 0;
		};
/* End PBXFrameworksBuildPhase section */

/* Begin PBXGroup section */
		A40E650B279F8BF600AC8500 /* public */ = {
			isa = PBXGroup;
			children = (
				A40E650C279F8BF600AC8500 /* Mach1TranscodeConstants.h */,
				A40E650D279F8BF600AC8500 /* Mach1TranscodeVectorFormats.h */,
				A40E650E279F8BF600AC8500 /* Mach1TranscodeAmbisonicFormats.h */,
				A40E650F279F8BF600AC8500 /* Mach1TranscodeSurroundFormats.h */,
			);
			name = public;
			path = "../../../m1-sdk/public";
			sourceTree = "<group>";
		};
		A41FB93A21CAB28400F2CBD4 = {
			isa = PBXGroup;
			children = (
				A4ADF3232252BFFC008DBE87 /* src */,
				A41FB94421CAB28400F2CBD4 /* Products */,
				A41FB95721CAB41E00F2CBD4 /* Frameworks */,
			);
			sourceTree = "<group>";
		};
		A41FB94421CAB28400F2CBD4 /* Products */ = {
			isa = PBXGroup;
			children = (
				A41FB94321CAB28400F2CBD4 /* m1-transcode */,
			);
			name = Products;
			sourceTree = "<group>";
		};
		A41FB95721CAB41E00F2CBD4 /* Frameworks */ = {
			isa = PBXGroup;
			children = (
				A42E490523ECC2BF00216E7A /* libadm.a */,
				A42E495323ECC2E400216E7A /* include */,
				A4ADF3322252C143008DBE87 /* libsndfile.a */,
				A4ADF32C2252C020008DBE87 /* include */,
			);
			name = Frameworks;
			sourceTree = "<group>";
		};
		A42E495323ECC2E400216E7A /* include */ = {
			isa = PBXGroup;
			children = (
				A42E495423ECC2E400216E7A /* adm.hpp */,
				A42E495523ECC2E400216E7A /* common_definitions.hpp */,
				A42E495623ECC2E400216E7A /* detail */,
				A42E495E23ECC2E400216E7A /* document.hpp */,
				A42E495F23ECC2E400216E7A /* element_variant.hpp */,
				A42E496023ECC2E400216E7A /* elements */,
				A42E498923ECC2E400216E7A /* elements.hpp */,
				A42E498A23ECC2E400216E7A /* elements_fwd.hpp */,
				A42E498B23ECC2E400216E7A /* errors.hpp */,
				A42E498C23ECC2E400216E7A /* export.h */,
				A42E498D23ECC2E400216E7A /* helper */,
				A42E499023ECC2E400216E7A /* parse.hpp */,
				A42E499123ECC2E400216E7A /* path.hpp */,
				A42E499223ECC2E400216E7A /* route.hpp */,
				A42E499323ECC2E400216E7A /* route_tracer.hpp */,
				A42E499423ECC2E400216E7A /* utilities */,
				A42E499C23ECC2E400216E7A /* version.hpp */,
				A42E499D23ECC2E400216E7A /* write.hpp */,
			);
			name = include;
			path = ../libs/libadm/include;
			sourceTree = "<group>";
		};
		A42E495623ECC2E400216E7A /* detail */ = {
			isa = PBXGroup;
			children = (
				A42E495723ECC2E400216E7A /* enum_bitmask.hpp */,
				A42E495823ECC2E400216E7A /* hex_values.hpp */,
				A42E495923ECC2E400216E7A /* id_assigner.hpp */,
				A42E495A23ECC2E400216E7A /* named_option_helper.hpp */,
				A42E495B23ECC2E400216E7A /* named_type.hpp */,
				A42E495C23ECC2E400216E7A /* named_type_validators.hpp */,
				A42E495D23ECC2E400216E7A /* type_traits.hpp */,
			);
			path = detail;
			sourceTree = "<group>";
		};
		A42E496023ECC2E400216E7A /* elements */ = {
			isa = PBXGroup;
			children = (
				A42E496123ECC2E400216E7A /* audio_block_format_binaural.hpp */,
				A42E496223ECC2E400216E7A /* audio_block_format_direct_speakers.hpp */,
				A42E496323ECC2E400216E7A /* audio_block_format_hoa.hpp */,
				A42E496423ECC2E400216E7A /* audio_block_format_id.hpp */,
				A42E496523ECC2E400216E7A /* audio_block_format_matrix.hpp */,
				A42E496623ECC2E400216E7A /* audio_block_format_objects.hpp */,
				A42E496723ECC2E400216E7A /* audio_channel_format.hpp */,
				A42E496823ECC2E400216E7A /* audio_channel_format_id.hpp */,
				A42E496923ECC2E400216E7A /* audio_content.hpp */,
				A42E496A23ECC2E400216E7A /* audio_content_id.hpp */,
				A42E496B23ECC2E400216E7A /* audio_object.hpp */,
				A42E496C23ECC2E400216E7A /* audio_object_id.hpp */,
				A42E496D23ECC2E400216E7A /* audio_object_interaction.hpp */,
				A42E496E23ECC2E400216E7A /* audio_pack_format.hpp */,
				A42E496F23ECC2E400216E7A /* audio_pack_format_id.hpp */,
				A42E497023ECC2E400216E7A /* audio_programme.hpp */,
				A42E497123ECC2E400216E7A /* audio_programme_id.hpp */,
				A42E497223ECC2E400216E7A /* audio_programme_ref_screen.hpp */,
				A42E497323ECC2E400216E7A /* audio_stream_format.hpp */,
				A42E497423ECC2E400216E7A /* audio_stream_format_id.hpp */,
				A42E497523ECC2E400216E7A /* audio_track_format.hpp */,
				A42E497623ECC2E400216E7A /* audio_track_format_id.hpp */,
				A42E497723ECC2E400216E7A /* audio_track_uid.hpp */,
				A42E497823ECC2E400216E7A /* audio_track_uid_id.hpp */,
				A42E497923ECC2E400216E7A /* channel_lock.hpp */,
				A42E497A23ECC2E400216E7A /* dialogue.hpp */,
				A42E497B23ECC2E400216E7A /* format_descriptor.hpp */,
				A42E497C23ECC2E400216E7A /* frequency.hpp */,
				A42E497D23ECC2E400216E7A /* gain_interaction_range.hpp */,
				A42E497E23ECC2E400216E7A /* importance.hpp */,
				A42E497F23ECC2E400216E7A /* jump_position.hpp */,
				A42E498023ECC2E400216E7A /* loudness_metadata.hpp */,
				A42E498123ECC2E400216E7A /* object_divergence.hpp */,
				A42E498223ECC2E400216E7A /* position.hpp */,
				A42E498323ECC2E400216E7A /* position_interaction_range.hpp */,
				A42E498423ECC2E400216E7A /* position_types.hpp */,
				A42E498523ECC2E400216E7A /* screen_edge_lock.hpp */,
				A42E498623ECC2E400216E7A /* speaker_position.hpp */,
				A42E498723ECC2E400216E7A /* time.hpp */,
				A42E498823ECC2E400216E7A /* type_descriptor.hpp */,
			);
			path = elements;
			sourceTree = "<group>";
		};
		A42E498D23ECC2E400216E7A /* helper */ = {
			isa = PBXGroup;
			children = (
				A42E498E23ECC2E400216E7A /* element_range.hpp */,
				A42E498F23ECC2E400216E7A /* get_optional_property.hpp */,
			);
			path = helper;
			sourceTree = "<group>";
		};
		A42E499423ECC2E400216E7A /* utilities */ = {
			isa = PBXGroup;
			children = (
				A42E499523ECC2E400216E7A /* block_duration_assignment.hpp */,
				A42E499623ECC2E400216E7A /* comparator.hpp */,
				A42E499723ECC2E400216E7A /* copy.hpp */,
				A42E499823ECC2E400216E7A /* element_io.hpp */,
				A42E499923ECC2E400216E7A /* id_assignment.hpp */,
				A42E499A23ECC2E400216E7A /* lookup.hpp */,
				A42E499B23ECC2E400216E7A /* object_creation.hpp */,
			);
			path = utilities;
			sourceTree = "<group>";
		};
		A4ADF3232252BFFC008DBE87 /* src */ = {
			isa = PBXGroup;
			children = (
				A4ADF3312252C110008DBE87 /* Info.plist */,
				A4ADF3242252BFFC008DBE87 /* CmdOption.h */,
				A4ADF3272252BFFC008DBE87 /* main.cpp */,
				A47BEA50271A092600235A96 /* chunks.h */,
				A42E49F823F363EB00216E7A /* ADMParse.h */,
				A48131872435463400A0DE6B /* ADMParse.cpp */,
				A4ADF3282252BFFC008DBE87 /* test_MatrixConvert.cpp */,
				A4FAF15A246C75F4008F199F /* Mach1Point3D.h */,
				A4D4D0CF246DA9E000562DA5 /* Mach1Point3DCore.cpp */,
				A4D4D0CE246DA9E000562DA5 /* Mach1Point3DCore.h */,
				A4FAF16D246C7E23008F199F /* Mach1Transcode.h */,
				A4FAF16C246C7E23008F199F /* Mach1Transcode.cpp */,
				A4FAF158246C75F3008F199F /* Mach1TranscodeCAPI.cpp */,
				A4FAF15B246C75F4008F199F /* Mach1TranscodeCAPI.h */,
				A4FAF159246C75F4008F199F /* Mach1TranscodeCore.h */,
				A4FAF15C246C75F4008F199F /* Mach1TranscodeCore.cpp */,
				A47BEA4A271A02D700235A96 /* Mach1AudioTimelineCAPI.cpp */,
				A47BEA4C271A02D700235A96 /* Mach1AudioTimelineCAPI.h */,
				A47BEA4B271A02D700235A96 /* Mach1AudioTimelineCore.cpp */,
				A47BEA4D271A02D700235A96 /* Mach1AudioTimelineCore.h */,
				A42821182719C86500613C05 /* Mach1AudioTimeline.cpp */,
				A42821192719C86500613C05 /* Mach1AudioTimeline.h */,
				A4FAF169246C7D5E008F199F /* Mach1GenerateCoeffs.cpp */,
				A4FAF16A246C7D62008F199F /* Mach1GenerateCoeffs.h */,
				A40E650B279F8BF600AC8500 /* public */,
				A4C6F811271DFA2000053EA0 /* xml */,
				A4C6F815271DFA2000053EA0 /* yaml */,
				A4FAF17E246D20F7008F199F /* M1DSP */,
			);
			name = src;
			path = ../src;
			sourceTree = "<group>";
		};
		A4ADF32C2252C020008DBE87 /* include */ = {
			isa = PBXGroup;
			children = (
				A4ADF32D2252C020008DBE87 /* sndfile.h */,
				A4ADF32E2252C020008DBE87 /* sndfile.hh */,
			);
			name = include;
			path = ../libs/libsndfile/include;
			sourceTree = "<group>";
		};
		A4C6F811271DFA2000053EA0 /* xml */ = {
			isa = PBXGroup;
			children = (
				A4C6F812271DFA2000053EA0 /* pugiconfig.hpp */,
				A4C6F813271DFA2000053EA0 /* pugixml.hpp */,
				A4C6F814271DFA2000053EA0 /* pugixml.cpp */,
			);
			path = xml;
			sourceTree = "<group>";
		};
		A4C6F815271DFA2000053EA0 /* yaml */ = {
			isa = PBXGroup;
			children = (
				A4C6F816271DFA2000053EA0 /* Yaml.cpp */,
				A4C6F817271DFA2000053EA0 /* Yaml.hpp */,
			);
			path = yaml;
			sourceTree = "<group>";
		};
		A4FAF17E246D20F7008F199F /* M1DSP */ = {
			isa = PBXGroup;
			children = (
				A4FAF17F246D20F7008F199F /* M1DSPDynamics.cpp */,
				A4FAF180246D20F7008F199F /* M1DSPDynamics.h */,
				A4FAF181246D20F7008F199F /* M1DSPFilters.cpp */,
				A4FAF182246D20F7008F199F /* M1DSPFilters.h */,
				A4FAF183246D20F7008F199F /* M1DSPUtilities.cpp */,
				A4FAF184246D20F7008F199F /* M1DSPUtilities.h */,
			);
			name = M1DSP;
			path = "../../../m1-sdk/source/include/M1DSP";
			sourceTree = "<group>";
		};
/* End PBXGroup section */

/* Begin PBXNativeTarget section */
		A41FB94221CAB28400F2CBD4 /* m1-transcode */ = {
			isa = PBXNativeTarget;
			buildConfigurationList = A41FB94A21CAB28400F2CBD4 /* Build configuration list for PBXNativeTarget "m1-transcode" */;
			buildPhases = (
				A41FB93F21CAB28400F2CBD4 /* Sources */,
				A41FB94021CAB28400F2CBD4 /* Frameworks */,
				A49E6C6C21CD541A00804B33 /* CopyFiles */,
				A40228DF21F7DCEC00678336 /* ShellScript */,
			);
			buildRules = (
			);
			dependencies = (
			);
			name = "m1-transcode";
			productName = "m1-transcode";
			productReference = A41FB94321CAB28400F2CBD4 /* m1-transcode */;
			productType = "com.apple.product-type.tool";
		};
/* End PBXNativeTarget section */

/* Begin PBXProject section */
		A41FB93B21CAB28400F2CBD4 /* Project object */ = {
			isa = PBXProject;
			attributes = {
				LastUpgradeCheck = 1010;
				ORGANIZATIONNAME = Mach1;
				TargetAttributes = {
					A41FB94221CAB28400F2CBD4 = {
						CreatedOnToolsVersion = 10.1;
					};
				};
			};
			buildConfigurationList = A41FB93E21CAB28400F2CBD4 /* Build configuration list for PBXProject "m1-transcode" */;
			compatibilityVersion = "Xcode 9.3";
			developmentRegion = en;
			hasScannedForEncodings = 0;
			knownRegions = (
				en,
			);
			mainGroup = A41FB93A21CAB28400F2CBD4;
			productRefGroup = A41FB94421CAB28400F2CBD4 /* Products */;
			projectDirPath = "";
			projectRoot = "";
			targets = (
				A41FB94221CAB28400F2CBD4 /* m1-transcode */,
			);
		};
/* End PBXProject section */

/* Begin PBXShellScriptBuildPhase section */
		A40228DF21F7DCEC00678336 /* ShellScript */ = {
			isa = PBXShellScriptBuildPhase;
			buildActionMask = 2147483647;
			files = (
			);
			inputFileListPaths = (
			);
			inputPaths = (
			);
			outputFileListPaths = (
			);
			outputPaths = (
			);
			runOnlyForDeploymentPostprocessing = 0;
			shellPath = /bin/sh;
			shellScript = "#!/bin/bash\nif [ $CONFIGURATION == Release ]; then\nbuildPlist=${INFOPLIST_FILE}\nnewVersion=`/usr/libexec/PlistBuddy -c \"Print CFBundleVersion\" \"$buildPlist\" | /usr/bin/perl -pe 's/(\\d+\\.)(\\d+)/$1.($2+1)/eg'`\n/usr/libexec/PListBuddy -c \"Set :CFBundleVersion $newVersion\" \"$buildPlist\"\nfi\n";
		};
/* End PBXShellScriptBuildPhase section */

/* Begin PBXSourcesBuildPhase section */
		A41FB93F21CAB28400F2CBD4 /* Sources */ = {
			isa = PBXSourcesBuildPhase;
			buildActionMask = 2147483647;
			files = (
				A4ADF32A2252BFFC008DBE87 /* main.cpp in Sources */,
				A48131882435463400A0DE6B /* ADMParse.cpp in Sources */,
				A4FAF16E246C7E23008F199F /* Mach1Transcode.cpp in Sources */,
				A4FAF16B246C7D63008F199F /* Mach1GenerateCoeffs.cpp in Sources */,
				A4FAF15D246C75F4008F199F /* Mach1TranscodeCAPI.cpp in Sources */,
				A4FAF187246D20F7008F199F /* M1DSPUtilities.cpp in Sources */,
				A4FAF15E246C75F4008F199F /* Mach1TranscodeCore.cpp in Sources */,
				A47BEA4E271A02D700235A96 /* Mach1AudioTimelineCAPI.cpp in Sources */,
				A4D4D0D0246DA9E000562DA5 /* Mach1Point3DCore.cpp in Sources */,
				A428211A2719C86500613C05 /* Mach1AudioTimeline.cpp in Sources */,
				A4FAF185246D20F7008F199F /* M1DSPDynamics.cpp in Sources */,
				A4FAF186246D20F7008F199F /* M1DSPFilters.cpp in Sources */,
				A47BEA4F271A02D700235A96 /* Mach1AudioTimelineCore.cpp in Sources */,
				A4C6F81B271DFA2000053EA0 /* pugixml.cpp in Sources */,
				A4C6F81C271DFA2000053EA0 /* Yaml.cpp in Sources */,
			);
			runOnlyForDeploymentPostprocessing = 0;
		};
/* End PBXSourcesBuildPhase section */

/* Begin XCBuildConfiguration section */
		A41FB94821CAB28400F2CBD4 /* Debug */ = {
			isa = XCBuildConfiguration;
			buildSettings = {
				ALWAYS_SEARCH_USER_PATHS = NO;
				CLANG_ANALYZER_NONNULL = YES;
				CLANG_ANALYZER_NUMBER_OBJECT_CONVERSION = YES_AGGRESSIVE;
				CLANG_CXX_LANGUAGE_STANDARD = "gnu++14";
				CLANG_CXX_LIBRARY = "libc++";
				CLANG_ENABLE_MODULES = YES;
				CLANG_ENABLE_OBJC_ARC = YES;
				CLANG_ENABLE_OBJC_WEAK = YES;
				CLANG_WARN_BLOCK_CAPTURE_AUTORELEASING = YES;
				CLANG_WARN_BOOL_CONVERSION = YES;
				CLANG_WARN_COMMA = YES;
				CLANG_WARN_CONSTANT_CONVERSION = YES;
				CLANG_WARN_DEPRECATED_OBJC_IMPLEMENTATIONS = YES;
				CLANG_WARN_DIRECT_OBJC_ISA_USAGE = YES_ERROR;
				CLANG_WARN_DOCUMENTATION_COMMENTS = YES;
				CLANG_WARN_EMPTY_BODY = YES;
				CLANG_WARN_ENUM_CONVERSION = YES;
				CLANG_WARN_INFINITE_RECURSION = YES;
				CLANG_WARN_INT_CONVERSION = YES;
				CLANG_WARN_NON_LITERAL_NULL_CONVERSION = YES;
				CLANG_WARN_OBJC_IMPLICIT_RETAIN_SELF = YES;
				CLANG_WARN_OBJC_LITERAL_CONVERSION = YES;
				CLANG_WARN_OBJC_ROOT_CLASS = YES_ERROR;
				CLANG_WARN_RANGE_LOOP_ANALYSIS = YES;
				CLANG_WARN_STRICT_PROTOTYPES = YES;
				CLANG_WARN_SUSPICIOUS_MOVE = YES;
				CLANG_WARN_UNGUARDED_AVAILABILITY = YES_AGGRESSIVE;
				CLANG_WARN_UNREACHABLE_CODE = YES;
				CLANG_WARN__DUPLICATE_METHOD_MATCH = YES;
				CODE_SIGN_IDENTITY = "-";
				COPY_PHASE_STRIP = NO;
				DEBUG_INFORMATION_FORMAT = dwarf;
				ENABLE_STRICT_OBJC_MSGSEND = YES;
				ENABLE_TESTABILITY = YES;
				GCC_C_LANGUAGE_STANDARD = gnu11;
				GCC_DYNAMIC_NO_PIC = NO;
				GCC_NO_COMMON_BLOCKS = YES;
				GCC_OPTIMIZATION_LEVEL = 0;
				GCC_PREPROCESSOR_DEFINITIONS = (
					"DEBUG=1",
					"$(inherited)",
				);
				GCC_WARN_64_TO_32_BIT_CONVERSION = YES;
				GCC_WARN_ABOUT_RETURN_TYPE = YES_ERROR;
				GCC_WARN_UNDECLARED_SELECTOR = YES;
				GCC_WARN_UNINITIALIZED_AUTOS = YES_AGGRESSIVE;
				GCC_WARN_UNUSED_FUNCTION = YES;
				GCC_WARN_UNUSED_VARIABLE = YES;
				HEADER_SEARCH_PATHS = "\"$(SRCROOT)/../../../m1-sdk/source/include\"";
				MACOSX_DEPLOYMENT_TARGET = 10.9;
				MTL_ENABLE_DEBUG_INFO = INCLUDE_SOURCE;
				MTL_FAST_MATH = YES;
				ONLY_ACTIVE_ARCH = YES;
				SDKROOT = macosx;
			};
			name = Debug;
		};
		A41FB94921CAB28400F2CBD4 /* Release */ = {
			isa = XCBuildConfiguration;
			buildSettings = {
				ALWAYS_SEARCH_USER_PATHS = NO;
				CLANG_ANALYZER_NONNULL = YES;
				CLANG_ANALYZER_NUMBER_OBJECT_CONVERSION = YES_AGGRESSIVE;
				CLANG_CXX_LANGUAGE_STANDARD = "gnu++14";
				CLANG_CXX_LIBRARY = "libc++";
				CLANG_ENABLE_MODULES = YES;
				CLANG_ENABLE_OBJC_ARC = YES;
				CLANG_ENABLE_OBJC_WEAK = YES;
				CLANG_WARN_BLOCK_CAPTURE_AUTORELEASING = YES;
				CLANG_WARN_BOOL_CONVERSION = YES;
				CLANG_WARN_COMMA = YES;
				CLANG_WARN_CONSTANT_CONVERSION = YES;
				CLANG_WARN_DEPRECATED_OBJC_IMPLEMENTATIONS = YES;
				CLANG_WARN_DIRECT_OBJC_ISA_USAGE = YES_ERROR;
				CLANG_WARN_DOCUMENTATION_COMMENTS = YES;
				CLANG_WARN_EMPTY_BODY = YES;
				CLANG_WARN_ENUM_CONVERSION = YES;
				CLANG_WARN_INFINITE_RECURSION = YES;
				CLANG_WARN_INT_CONVERSION = YES;
				CLANG_WARN_NON_LITERAL_NULL_CONVERSION = YES;
				CLANG_WARN_OBJC_IMPLICIT_RETAIN_SELF = YES;
				CLANG_WARN_OBJC_LITERAL_CONVERSION = YES;
				CLANG_WARN_OBJC_ROOT_CLASS = YES_ERROR;
				CLANG_WARN_RANGE_LOOP_ANALYSIS = YES;
				CLANG_WARN_STRICT_PROTOTYPES = YES;
				CLANG_WARN_SUSPICIOUS_MOVE = YES;
				CLANG_WARN_UNGUARDED_AVAILABILITY = YES_AGGRESSIVE;
				CLANG_WARN_UNREACHABLE_CODE = YES;
				CLANG_WARN__DUPLICATE_METHOD_MATCH = YES;
				CODE_SIGN_IDENTITY = "-";
				COPY_PHASE_STRIP = NO;
				DEBUG_INFORMATION_FORMAT = "dwarf-with-dsym";
				ENABLE_NS_ASSERTIONS = NO;
				ENABLE_STRICT_OBJC_MSGSEND = YES;
				GCC_C_LANGUAGE_STANDARD = gnu11;
				GCC_NO_COMMON_BLOCKS = YES;
				GCC_WARN_64_TO_32_BIT_CONVERSION = YES;
				GCC_WARN_ABOUT_RETURN_TYPE = YES_ERROR;
				GCC_WARN_UNDECLARED_SELECTOR = YES;
				GCC_WARN_UNINITIALIZED_AUTOS = YES_AGGRESSIVE;
				GCC_WARN_UNUSED_FUNCTION = YES;
				GCC_WARN_UNUSED_VARIABLE = YES;
				HEADER_SEARCH_PATHS = "\"$(SRCROOT)/../../../m1-sdk/source/include\"";
				MACOSX_DEPLOYMENT_TARGET = 10.9;
				MTL_ENABLE_DEBUG_INFO = NO;
				MTL_FAST_MATH = YES;
				SDKROOT = macosx;
			};
			name = Release;
		};
		A41FB94B21CAB28400F2CBD4 /* Debug */ = {
			isa = XCBuildConfiguration;
			buildSettings = {
				ARCHS = x86_64;
				CODE_SIGN_STYLE = Automatic;
				CURRENT_PROJECT_VERSION = 1.24.0.0;
				HEADER_SEARCH_PATHS = (
					"\"$(SRCROOT)/../../../m1-sdk/source/include\"",
					/usr/local/Cellar/libbw64/0.10.0/include,
					"\"$(SRCROOT)/../../../m1-sdk/public\"",
				);
				INFOPLIST_FILE = "$(SRCROOT)/../src/Info.plist";
				LIBRARY_SEARCH_PATHS = (
					"$(inherited)",
					"\"$(SRCROOT)/../libs/libsndfile/lib/osx\"",
					"\"$(SRCROOT)/../libs/libadm/lib\"",
					"$(PROJECT_DIR)",
				);
				PRODUCT_NAME = "$(TARGET_NAME)";
			};
			name = Debug;
		};
		A41FB94C21CAB28400F2CBD4 /* Release */ = {
			isa = XCBuildConfiguration;
			buildSettings = {
				ARCHS = x86_64;
				CODE_SIGN_STYLE = Automatic;
				CURRENT_PROJECT_VERSION = 1.24.0.0;
				HEADER_SEARCH_PATHS = (
					"\"$(SRCROOT)/../../../m1-sdk/source/include\"",
					/usr/local/Cellar/libbw64/0.10.0/include,
					"\"$(SRCROOT)/../../../m1-sdk/public\"",
				);
				INFOPLIST_FILE = "$(SRCROOT)/../src/Info.plist";
				LIBRARY_SEARCH_PATHS = (
					"$(inherited)",
					"\"$(SRCROOT)/../libs/libsndfile/lib/osx\"",
					"\"$(SRCROOT)/../libs/libadm/lib\"",
					"$(PROJECT_DIR)",
				);
				PRODUCT_NAME = "$(TARGET_NAME)";
			};
			name = Release;
		};
/* End XCBuildConfiguration section */

/* Begin XCConfigurationList section */
		A41FB93E21CAB28400F2CBD4 /* Build configuration list for PBXProject "m1-transcode" */ = {
			isa = XCConfigurationList;
			buildConfigurations = (
				A41FB94821CAB28400F2CBD4 /* Debug */,
				A41FB94921CAB28400F2CBD4 /* Release */,
			);
			defaultConfigurationIsVisible = 0;
			defaultConfigurationName = Release;
		};
		A41FB94A21CAB28400F2CBD4 /* Build configuration list for PBXNativeTarget "m1-transcode" */ = {
			isa = XCConfigurationList;
			buildConfigurations = (
				A41FB94B21CAB28400F2CBD4 /* Debug */,
				A41FB94C21CAB28400F2CBD4 /* Release */,
			);
			defaultConfigurationIsVisible = 0;
			defaultConfigurationName = Release;
		};
/* End XCConfigurationList section */
	};
	rootObject = A41FB93B21CAB28400F2CBD4 /* Project object */;
}
